// !$*UTF8*$!
{
	archiveVersion = 1;
	classes = {
	};
	objectVersion = 60;
	objects = {

/* Begin PBXBuildFile section */
		00E356F31AD99517003FC87E /* DoGoodGetGoodTests.m in Sources */ = {isa = PBXBuildFile; fileRef = 00E356F21AD99517003FC87E /* DoGoodGetGoodTests.m */; };
		13B07FBC1A68108700A75B9A /* AppDelegate.mm in Sources */ = {isa = PBXBuildFile; fileRef = 13B07FB01A68108700A75B9A /* AppDelegate.mm */; };
		13B07FBF1A68108700A75B9A /* Images.xcassets in Resources */ = {isa = PBXBuildFile; fileRef = 13B07FB51A68108700A75B9A /* Images.xcassets */; };
		13B07FC11A68108700A75B9A /* main.m in Sources */ = {isa = PBXBuildFile; fileRef = 13B07FB71A68108700A75B9A /* main.m */; };
		1D644CFFA32E4114A8B3F2E3 /* DIN-Medium.ttf in Resources */ = {isa = PBXBuildFile; fileRef = AE108FECF935428586ECE21F /* DIN-Medium.ttf */; };
		2512AE9A86A247598720C9F6 /* DIN-Bold.otf in Resources */ = {isa = PBXBuildFile; fileRef = F1D10C6ECC7345CB866AEB4D /* DIN-Bold.otf */; };
		396EB4F101EE3E2F9FA2EDBD /* Pods_DoGoodGetGoodCommonPods_DoGoodGetGood.framework in Frameworks */ = {isa = PBXBuildFile; fileRef = 5C73748D16E7AF312C8FECA1 /* Pods_DoGoodGetGoodCommonPods_DoGoodGetGood.framework */; };
		64CEDA5729AFB8D500D996F1 /* AppDelegate.mm in Sources */ = {isa = PBXBuildFile; fileRef = 13B07FB01A68108700A75B9A /* AppDelegate.mm */; };
		64CEDA5829AFB8D500D996F1 /* main.m in Sources */ = {isa = PBXBuildFile; fileRef = 13B07FB71A68108700A75B9A /* main.m */; };
		64CEDA5C29AFB8D500D996F1 /* LaunchScreen.storyboard in Resources */ = {isa = PBXBuildFile; fileRef = 81AB9BB72411601600AC10FF /* LaunchScreen.storyboard */; };
		64CEDA5D29AFB8D500D996F1 /* Images.xcassets in Resources */ = {isa = PBXBuildFile; fileRef = 13B07FB51A68108700A75B9A /* Images.xcassets */; };
		64CEDA5E29AFB8D500D996F1 /* DIN-Bold.otf in Resources */ = {isa = PBXBuildFile; fileRef = F1D10C6ECC7345CB866AEB4D /* DIN-Bold.otf */; };
		64CEDA5F29AFB8D500D996F1 /* DIN-Light.otf in Resources */ = {isa = PBXBuildFile; fileRef = 70563D5B07364418ABFAD8F7 /* DIN-Light.otf */; };
		64CEDA6029AFB8D500D996F1 /* DIN-Regular.otf in Resources */ = {isa = PBXBuildFile; fileRef = 8E44F55844C541FB8CA47488 /* DIN-Regular.otf */; };
		64CEDA6129AFB8D500D996F1 /* DIN-Medium.ttf in Resources */ = {isa = PBXBuildFile; fileRef = AE108FECF935428586ECE21F /* DIN-Medium.ttf */; };
		7E92B65B988129BEEC032CE8 /* Pods_DoGoodGetGoodCommonPods_DoGoodGetGoodDev.framework in Frameworks */ = {isa = PBXBuildFile; fileRef = 11BE50ED0E9E5AFC415F2367 /* Pods_DoGoodGetGoodCommonPods_DoGoodGetGoodDev.framework */; };
		81AB9BB82411601600AC10FF /* LaunchScreen.storyboard in Resources */ = {isa = PBXBuildFile; fileRef = 81AB9BB72411601600AC10FF /* LaunchScreen.storyboard */; };
		C05E17F92BD009B80046F1E1 /* GoogleService-Info.plist in Resources */ = {isa = PBXBuildFile; fileRef = C05E17F82BD009B80046F1E1 /* GoogleService-Info.plist */; };
		C05E17FB2BD009C90046F1E1 /* GoogleService-Info.plist in Resources */ = {isa = PBXBuildFile; fileRef = C05E17FA2BD009C90046F1E1 /* GoogleService-Info.plist */; };
		D8F8C511B2EC435698726593 /* DIN-Light.otf in Resources */ = {isa = PBXBuildFile; fileRef = 70563D5B07364418ABFAD8F7 /* DIN-Light.otf */; };
		E8101F8DC55342D7A663B3C6 /* DIN-Regular.otf in Resources */ = {isa = PBXBuildFile; fileRef = 8E44F55844C541FB8CA47488 /* DIN-Regular.otf */; };
		FE6EBD44F1839F1C9C9E7B96 /* Pods_DoGoodGetGoodCommonPods_DoGoodGetGoodTests.framework in Frameworks */ = {isa = PBXBuildFile; fileRef = CF3200957C562065FA73DDB8 /* Pods_DoGoodGetGoodCommonPods_DoGoodGetGoodTests.framework */; };
/* End PBXBuildFile section */

/* Begin PBXContainerItemProxy section */
		00E356F41AD99517003FC87E /* PBXContainerItemProxy */ = {
			isa = PBXContainerItemProxy;
			containerPortal = 83CBB9F71A601CBA00E9B192 /* Project object */;
			proxyType = 1;
			remoteGlobalIDString = 13B07F861A680F5B00A75B9A;
			remoteInfo = DoGoodGetGood;
		};
/* End PBXContainerItemProxy section */

/* Begin PBXFileReference section */
		00E356EE1AD99517003FC87E /* DoGoodGetGoodTests.xctest */ = {isa = PBXFileReference; explicitFileType = wrapper.cfbundle; includeInIndex = 0; path = DoGoodGetGoodTests.xctest; sourceTree = BUILT_PRODUCTS_DIR; };
		00E356F11AD99517003FC87E /* Info.plist */ = {isa = PBXFileReference; lastKnownFileType = text.plist.xml; path = Info.plist; sourceTree = "<group>"; };
		00E356F21AD99517003FC87E /* DoGoodGetGoodTests.m */ = {isa = PBXFileReference; lastKnownFileType = sourcecode.c.objc; path = DoGoodGetGoodTests.m; sourceTree = "<group>"; };
		11BE50ED0E9E5AFC415F2367 /* Pods_DoGoodGetGoodCommonPods_DoGoodGetGoodDev.framework */ = {isa = PBXFileReference; explicitFileType = wrapper.framework; includeInIndex = 0; path = Pods_DoGoodGetGoodCommonPods_DoGoodGetGoodDev.framework; sourceTree = BUILT_PRODUCTS_DIR; };
		13B07F961A680F5B00A75B9A /* DoGoodGetGood.app */ = {isa = PBXFileReference; explicitFileType = wrapper.application; includeInIndex = 0; path = DoGoodGetGood.app; sourceTree = BUILT_PRODUCTS_DIR; };
		13B07FAF1A68108700A75B9A /* AppDelegate.h */ = {isa = PBXFileReference; fileEncoding = 4; lastKnownFileType = sourcecode.c.h; name = AppDelegate.h; path = DoGoodGetGood/AppDelegate.h; sourceTree = "<group>"; };
		13B07FB01A68108700A75B9A /* AppDelegate.mm */ = {isa = PBXFileReference; fileEncoding = 4; lastKnownFileType = sourcecode.cpp.objcpp; name = AppDelegate.mm; path = DoGoodGetGood/AppDelegate.mm; sourceTree = "<group>"; };
		13B07FB51A68108700A75B9A /* Images.xcassets */ = {isa = PBXFileReference; lastKnownFileType = folder.assetcatalog; name = Images.xcassets; path = DoGoodGetGood/Images.xcassets; sourceTree = "<group>"; };
		13B07FB61A68108700A75B9A /* Info.plist */ = {isa = PBXFileReference; fileEncoding = 4; lastKnownFileType = text.plist.xml; name = Info.plist; path = DoGoodGetGood/Info.plist; sourceTree = "<group>"; };
		13B07FB71A68108700A75B9A /* main.m */ = {isa = PBXFileReference; fileEncoding = 4; lastKnownFileType = sourcecode.c.objc; name = main.m; path = DoGoodGetGood/main.m; sourceTree = "<group>"; };
		41589E760962169460036461 /* Pods-DoGoodGetGood-DoGoodGetGoodTests.debug.xcconfig */ = {isa = PBXFileReference; includeInIndex = 1; lastKnownFileType = text.xcconfig; name = "Pods-DoGoodGetGood-DoGoodGetGoodTests.debug.xcconfig"; path = "Target Support Files/Pods-DoGoodGetGood-DoGoodGetGoodTests/Pods-DoGoodGetGood-DoGoodGetGoodTests.debug.xcconfig"; sourceTree = "<group>"; };
		58595BD336CB2EC67B891AC4 /* Pods-DoGoodGetGood-DoGoodGetGoodTests.release.xcconfig */ = {isa = PBXFileReference; includeInIndex = 1; lastKnownFileType = text.xcconfig; name = "Pods-DoGoodGetGood-DoGoodGetGoodTests.release.xcconfig"; path = "Target Support Files/Pods-DoGoodGetGood-DoGoodGetGoodTests/Pods-DoGoodGetGood-DoGoodGetGoodTests.release.xcconfig"; sourceTree = "<group>"; };
		5C73748D16E7AF312C8FECA1 /* Pods_DoGoodGetGoodCommonPods_DoGoodGetGood.framework */ = {isa = PBXFileReference; explicitFileType = wrapper.framework; includeInIndex = 0; path = Pods_DoGoodGetGoodCommonPods_DoGoodGetGood.framework; sourceTree = BUILT_PRODUCTS_DIR; };
		64CEDA6B29AFB8D500D996F1 /* DoGoodGetGoodDev.app */ = {isa = PBXFileReference; explicitFileType = wrapper.application; includeInIndex = 0; path = DoGoodGetGoodDev.app; sourceTree = BUILT_PRODUCTS_DIR; };
		64D239C829B0F43A00A948ED /* Config.xcconfig */ = {isa = PBXFileReference; lastKnownFileType = text.xcconfig; path = Config.xcconfig; sourceTree = "<group>"; };
		64D6637929A936AE0027F881 /* Info.plist */ = {isa = PBXFileReference; lastKnownFileType = text.plist; name = Info.plist; path = DoGoodGetGood/Info.plist; sourceTree = "<absolute>"; };
		69CF90BE52EC466F0CF45100 /* Pods-DoGoodGetGoodCommonPods-DoGoodGetGoodTests.debug.xcconfig */ = {isa = PBXFileReference; includeInIndex = 1; lastKnownFileType = text.xcconfig; name = "Pods-DoGoodGetGoodCommonPods-DoGoodGetGoodTests.debug.xcconfig"; path = "Target Support Files/Pods-DoGoodGetGoodCommonPods-DoGoodGetGoodTests/Pods-DoGoodGetGoodCommonPods-DoGoodGetGoodTests.debug.xcconfig"; sourceTree = "<group>"; };
		70563D5B07364418ABFAD8F7 /* DIN-Light.otf */ = {isa = PBXFileReference; explicitFileType = undefined; fileEncoding = 9; includeInIndex = 0; lastKnownFileType = unknown; name = "DIN-Light.otf"; path = "../assets/fonts/DIN-Light.otf"; sourceTree = "<group>"; };
		81AB9BB72411601600AC10FF /* LaunchScreen.storyboard */ = {isa = PBXFileReference; fileEncoding = 4; lastKnownFileType = file.storyboard; name = LaunchScreen.storyboard; path = DoGoodGetGood/LaunchScreen.storyboard; sourceTree = "<group>"; };
		855D82545C8956BF2B98A181 /* Pods-DoGoodGetGoodCommonPods-DoGoodGetGood.release.xcconfig */ = {isa = PBXFileReference; includeInIndex = 1; lastKnownFileType = text.xcconfig; name = "Pods-DoGoodGetGoodCommonPods-DoGoodGetGood.release.xcconfig"; path = "Target Support Files/Pods-DoGoodGetGoodCommonPods-DoGoodGetGood/Pods-DoGoodGetGoodCommonPods-DoGoodGetGood.release.xcconfig"; sourceTree = "<group>"; };
		8E44F55844C541FB8CA47488 /* DIN-Regular.otf */ = {isa = PBXFileReference; explicitFileType = undefined; fileEncoding = 9; includeInIndex = 0; lastKnownFileType = unknown; name = "DIN-Regular.otf"; path = "../assets/fonts/DIN-Regular.otf"; sourceTree = "<group>"; };
		97083EC57598069DE8C7ED2F /* Pods-DoGoodGetGoodCommonPods-DoGoodGetGoodDev.debug.xcconfig */ = {isa = PBXFileReference; includeInIndex = 1; lastKnownFileType = text.xcconfig; name = "Pods-DoGoodGetGoodCommonPods-DoGoodGetGoodDev.debug.xcconfig"; path = "Target Support Files/Pods-DoGoodGetGoodCommonPods-DoGoodGetGoodDev/Pods-DoGoodGetGoodCommonPods-DoGoodGetGoodDev.debug.xcconfig"; sourceTree = "<group>"; };
		AE108FECF935428586ECE21F /* DIN-Medium.ttf */ = {isa = PBXFileReference; explicitFileType = undefined; fileEncoding = 9; includeInIndex = 0; lastKnownFileType = unknown; name = "DIN-Medium.ttf"; path = "../assets/fonts/DIN-Medium.ttf"; sourceTree = "<group>"; };
		BD16FB39DD8E27E466B43E8B /* Pods_DoGoodGetGoodCommonPods_DoGoodGetGood_Prod.framework */ = {isa = PBXFileReference; explicitFileType = wrapper.framework; includeInIndex = 0; path = Pods_DoGoodGetGoodCommonPods_DoGoodGetGood_Prod.framework; sourceTree = BUILT_PRODUCTS_DIR; };
		C05E17F82BD009B80046F1E1 /* GoogleService-Info.plist */ = {isa = PBXFileReference; fileEncoding = 4; lastKnownFileType = text.plist.xml; path = "GoogleService-Info.plist"; sourceTree = "<group>"; };
		C05E17FA2BD009C90046F1E1 /* GoogleService-Info.plist */ = {isa = PBXFileReference; fileEncoding = 4; lastKnownFileType = text.plist.xml; path = "GoogleService-Info.plist"; sourceTree = "<group>"; };
		C2006F8EFFB4AC5B3DC29A75 /* Pods-DoGoodGetGoodCommonPods-DoGoodGetGood-DoGoodGetGoodTests.debug.xcconfig */ = {isa = PBXFileReference; includeInIndex = 1; lastKnownFileType = text.xcconfig; name = "Pods-DoGoodGetGoodCommonPods-DoGoodGetGood-DoGoodGetGoodTests.debug.xcconfig"; path = "Target Support Files/Pods-DoGoodGetGoodCommonPods-DoGoodGetGood-DoGoodGetGoodTests/Pods-DoGoodGetGoodCommonPods-DoGoodGetGood-DoGoodGetGoodTests.debug.xcconfig"; sourceTree = "<group>"; };
		C6ADFB1CDDD0AA21E254A0AD /* Pods_DoGoodGetGoodCommonPods_DoGoodGetGood_Dev.framework */ = {isa = PBXFileReference; explicitFileType = wrapper.framework; includeInIndex = 0; path = Pods_DoGoodGetGoodCommonPods_DoGoodGetGood_Dev.framework; sourceTree = BUILT_PRODUCTS_DIR; };
		CE560A69BB99D6218FB19ABC /* Pods-DoGoodGetGoodCommonPods-DoGoodGetGoodDev.release.xcconfig */ = {isa = PBXFileReference; includeInIndex = 1; lastKnownFileType = text.xcconfig; name = "Pods-DoGoodGetGoodCommonPods-DoGoodGetGoodDev.release.xcconfig"; path = "Target Support Files/Pods-DoGoodGetGoodCommonPods-DoGoodGetGoodDev/Pods-DoGoodGetGoodCommonPods-DoGoodGetGoodDev.release.xcconfig"; sourceTree = "<group>"; };
		CF3200957C562065FA73DDB8 /* Pods_DoGoodGetGoodCommonPods_DoGoodGetGoodTests.framework */ = {isa = PBXFileReference; explicitFileType = wrapper.framework; includeInIndex = 0; path = Pods_DoGoodGetGoodCommonPods_DoGoodGetGoodTests.framework; sourceTree = BUILT_PRODUCTS_DIR; };
		E1582722195C47A7BA8F88A3 /* Pods-DoGoodGetGoodCommonPods-DoGoodGetGood-DoGoodGetGoodTests.release.xcconfig */ = {isa = PBXFileReference; includeInIndex = 1; lastKnownFileType = text.xcconfig; name = "Pods-DoGoodGetGoodCommonPods-DoGoodGetGood-DoGoodGetGoodTests.release.xcconfig"; path = "Target Support Files/Pods-DoGoodGetGoodCommonPods-DoGoodGetGood-DoGoodGetGoodTests/Pods-DoGoodGetGoodCommonPods-DoGoodGetGood-DoGoodGetGoodTests.release.xcconfig"; sourceTree = "<group>"; };
		ECF05F1E0B76ACF3D6C6CAFC /* Pods-DoGoodGetGoodCommonPods-DoGoodGetGoodTests.release.xcconfig */ = {isa = PBXFileReference; includeInIndex = 1; lastKnownFileType = text.xcconfig; name = "Pods-DoGoodGetGoodCommonPods-DoGoodGetGoodTests.release.xcconfig"; path = "Target Support Files/Pods-DoGoodGetGoodCommonPods-DoGoodGetGoodTests/Pods-DoGoodGetGoodCommonPods-DoGoodGetGoodTests.release.xcconfig"; sourceTree = "<group>"; };
		ED297162215061F000B7C4FE /* JavaScriptCore.framework */ = {isa = PBXFileReference; lastKnownFileType = wrapper.framework; name = JavaScriptCore.framework; path = System/Library/Frameworks/JavaScriptCore.framework; sourceTree = SDKROOT; };
		F1D10C6ECC7345CB866AEB4D /* DIN-Bold.otf */ = {isa = PBXFileReference; explicitFileType = undefined; fileEncoding = 9; includeInIndex = 0; lastKnownFileType = unknown; name = "DIN-Bold.otf"; path = "../assets/fonts/DIN-Bold.otf"; sourceTree = "<group>"; };
		F326B97D9F797D00EAC2F921 /* Pods-DoGoodGetGoodCommonPods-DoGoodGetGood.debug.xcconfig */ = {isa = PBXFileReference; includeInIndex = 1; lastKnownFileType = text.xcconfig; name = "Pods-DoGoodGetGoodCommonPods-DoGoodGetGood.debug.xcconfig"; path = "Target Support Files/Pods-DoGoodGetGoodCommonPods-DoGoodGetGood/Pods-DoGoodGetGoodCommonPods-DoGoodGetGood.debug.xcconfig"; sourceTree = "<group>"; };
/* End PBXFileReference section */

/* Begin PBXFrameworksBuildPhase section */
		00E356EB1AD99517003FC87E /* Frameworks */ = {
			isa = PBXFrameworksBuildPhase;
			buildActionMask = 2147483647;
			files = (
				FE6EBD44F1839F1C9C9E7B96 /* Pods_DoGoodGetGoodCommonPods_DoGoodGetGoodTests.framework in Frameworks */,
			);
			runOnlyForDeploymentPostprocessing = 0;
		};
		13B07F8C1A680F5B00A75B9A /* Frameworks */ = {
			isa = PBXFrameworksBuildPhase;
			buildActionMask = 2147483647;
			files = (
				396EB4F101EE3E2F9FA2EDBD /* Pods_DoGoodGetGoodCommonPods_DoGoodGetGood.framework in Frameworks */,
			);
			runOnlyForDeploymentPostprocessing = 0;
		};
		64CEDA5929AFB8D500D996F1 /* Frameworks */ = {
			isa = PBXFrameworksBuildPhase;
			buildActionMask = 2147483647;
			files = (
				7E92B65B988129BEEC032CE8 /* Pods_DoGoodGetGoodCommonPods_DoGoodGetGoodDev.framework in Frameworks */,
			);
			runOnlyForDeploymentPostprocessing = 0;
		};
/* End PBXFrameworksBuildPhase section */

/* Begin PBXGroup section */
		00E356EF1AD99517003FC87E /* DoGoodGetGoodTests */ = {
			isa = PBXGroup;
			children = (
				00E356F21AD99517003FC87E /* DoGoodGetGoodTests.m */,
				00E356F01AD99517003FC87E /* Supporting Files */,
			);
			path = DoGoodGetGoodTests;
			sourceTree = "<group>";
		};
		00E356F01AD99517003FC87E /* Supporting Files */ = {
			isa = PBXGroup;
			children = (
				00E356F11AD99517003FC87E /* Info.plist */,
			);
			name = "Supporting Files";
			sourceTree = "<group>";
		};
		13B07FAE1A68108700A75B9A /* DoGoodGetGood */ = {
			isa = PBXGroup;
			children = (
				13B07FAF1A68108700A75B9A /* AppDelegate.h */,
				13B07FB01A68108700A75B9A /* AppDelegate.mm */,
				13B07FB51A68108700A75B9A /* Images.xcassets */,
				13B07FB61A68108700A75B9A /* Info.plist */,
				81AB9BB72411601600AC10FF /* LaunchScreen.storyboard */,
				13B07FB71A68108700A75B9A /* main.m */,
			);
			name = DoGoodGetGood;
			sourceTree = "<group>";
		};
		2D16E6871FA4F8E400B85C8A /* Frameworks */ = {
			isa = PBXGroup;
			children = (
				ED297162215061F000B7C4FE /* JavaScriptCore.framework */,
				C6ADFB1CDDD0AA21E254A0AD /* Pods_DoGoodGetGoodCommonPods_DoGoodGetGood_Dev.framework */,
				BD16FB39DD8E27E466B43E8B /* Pods_DoGoodGetGoodCommonPods_DoGoodGetGood_Prod.framework */,
				11BE50ED0E9E5AFC415F2367 /* Pods_DoGoodGetGoodCommonPods_DoGoodGetGoodDev.framework */,
				5C73748D16E7AF312C8FECA1 /* Pods_DoGoodGetGoodCommonPods_DoGoodGetGood.framework */,
				CF3200957C562065FA73DDB8 /* Pods_DoGoodGetGoodCommonPods_DoGoodGetGoodTests.framework */,
			);
			name = Frameworks;
			sourceTree = "<group>";
		};
		56B1D1E37AD34425A9C025BD /* Resources */ = {
			isa = PBXGroup;
			children = (
				64D6637929A936AE0027F881 /* Info.plist */,
				F1D10C6ECC7345CB866AEB4D /* DIN-Bold.otf */,
				70563D5B07364418ABFAD8F7 /* DIN-Light.otf */,
				8E44F55844C541FB8CA47488 /* DIN-Regular.otf */,
				AE108FECF935428586ECE21F /* DIN-Medium.ttf */,
			);
			name = Resources;
			sourceTree = "<group>";
		};
		64CEDA5229AFB8BD00D996F1 /* DoGoodGetGoodDev */ = {
			isa = PBXGroup;
			children = (
			);
			path = DoGoodGetGoodDev;
			sourceTree = "<group>";
		};
		832341AE1AAA6A7D00B99B32 /* Libraries */ = {
			isa = PBXGroup;
			children = (
			);
			name = Libraries;
			sourceTree = "<group>";
		};
		83CBB9F61A601CBA00E9B192 = {
			isa = PBXGroup;
			children = (
				C058ADC12BC7D68800D47F72 /* Prod */,
				C058ADB72BC7D53F00D47F72 /* Dev */,
				64D239C829B0F43A00A948ED /* Config.xcconfig */,
				64CEDA5229AFB8BD00D996F1 /* DoGoodGetGoodDev */,
				13B07FAE1A68108700A75B9A /* DoGoodGetGood */,
				832341AE1AAA6A7D00B99B32 /* Libraries */,
				00E356EF1AD99517003FC87E /* DoGoodGetGoodTests */,
				83CBBA001A601CBA00E9B192 /* Products */,
				2D16E6871FA4F8E400B85C8A /* Frameworks */,
				56B1D1E37AD34425A9C025BD /* Resources */,
				F9628818C64758E0011CF508 /* Pods */,
			);
			indentWidth = 2;
			sourceTree = "<group>";
			tabWidth = 2;
			usesTabs = 0;
		};
		83CBBA001A601CBA00E9B192 /* Products */ = {
			isa = PBXGroup;
			children = (
				13B07F961A680F5B00A75B9A /* DoGoodGetGood.app */,
				00E356EE1AD99517003FC87E /* DoGoodGetGoodTests.xctest */,
				64CEDA6B29AFB8D500D996F1 /* DoGoodGetGoodDev.app */,
			);
			name = Products;
			sourceTree = "<group>";
		};
		C058ADB72BC7D53F00D47F72 /* Dev */ = {
			isa = PBXGroup;
			children = (
				C05E17FA2BD009C90046F1E1 /* GoogleService-Info.plist */,
			);
			path = Dev;
			sourceTree = "<group>";
		};
		C058ADC12BC7D68800D47F72 /* Prod */ = {
			isa = PBXGroup;
			children = (
				C05E17F82BD009B80046F1E1 /* GoogleService-Info.plist */,
			);
			path = Prod;
			sourceTree = "<group>";
		};
		F9628818C64758E0011CF508 /* Pods */ = {
			isa = PBXGroup;
			children = (
				41589E760962169460036461 /* Pods-DoGoodGetGood-DoGoodGetGoodTests.debug.xcconfig */,
				58595BD336CB2EC67B891AC4 /* Pods-DoGoodGetGood-DoGoodGetGoodTests.release.xcconfig */,
				97083EC57598069DE8C7ED2F /* Pods-DoGoodGetGoodCommonPods-DoGoodGetGoodDev.debug.xcconfig */,
				CE560A69BB99D6218FB19ABC /* Pods-DoGoodGetGoodCommonPods-DoGoodGetGoodDev.release.xcconfig */,
				69CF90BE52EC466F0CF45100 /* Pods-DoGoodGetGoodCommonPods-DoGoodGetGoodTests.debug.xcconfig */,
				ECF05F1E0B76ACF3D6C6CAFC /* Pods-DoGoodGetGoodCommonPods-DoGoodGetGoodTests.release.xcconfig */,
				F326B97D9F797D00EAC2F921 /* Pods-DoGoodGetGoodCommonPods-DoGoodGetGood.debug.xcconfig */,
				855D82545C8956BF2B98A181 /* Pods-DoGoodGetGoodCommonPods-DoGoodGetGood.release.xcconfig */,
				C2006F8EFFB4AC5B3DC29A75 /* Pods-DoGoodGetGoodCommonPods-DoGoodGetGood-DoGoodGetGoodTests.debug.xcconfig */,
				E1582722195C47A7BA8F88A3 /* Pods-DoGoodGetGoodCommonPods-DoGoodGetGood-DoGoodGetGoodTests.release.xcconfig */,
			);
			path = Pods;
			sourceTree = "<group>";
		};
/* End PBXGroup section */

/* Begin PBXNativeTarget section */
		00E356ED1AD99517003FC87E /* DoGoodGetGoodTests */ = {
			isa = PBXNativeTarget;
			buildConfigurationList = 00E357021AD99517003FC87E /* Build configuration list for PBXNativeTarget "DoGoodGetGoodTests" */;
			buildPhases = (
				A55EABD7B0C7F3A422A6CC61 /* [CP] Check Pods Manifest.lock */,
				00E356EA1AD99517003FC87E /* Sources */,
				00E356EB1AD99517003FC87E /* Frameworks */,
				00E356EC1AD99517003FC87E /* Resources */,
				C59DA0FBD6956966B86A3779 /* [CP] Embed Pods Frameworks */,
				F6A41C54EA430FDDC6A6ED99 /* [CP] Copy Pods Resources */,
			);
			buildRules = (
			);
			dependencies = (
				00E356F51AD99517003FC87E /* PBXTargetDependency */,
			);
			name = DoGoodGetGoodTests;
			productName = DoGoodGetGoodTests;
			productReference = 00E356EE1AD99517003FC87E /* DoGoodGetGoodTests.xctest */;
			productType = "com.apple.product-type.bundle.unit-test";
		};
		13B07F861A680F5B00A75B9A /* DoGoodGetGood */ = {
			isa = PBXNativeTarget;
			buildConfigurationList = 13B07F931A680F5B00A75B9A /* Build configuration list for PBXNativeTarget "DoGoodGetGood" */;
			buildPhases = (
				51BCD4BABE742517CC29CC28 /* [CP] Check Pods Manifest.lock */,
				FD10A7F022414F080027D42C /* Start Packager */,
				13B07F871A680F5B00A75B9A /* Sources */,
				13B07F8C1A680F5B00A75B9A /* Frameworks */,
				13B07F8E1A680F5B00A75B9A /* Resources */,
				00DD1BFF1BD5951E006B06BC /* Bundle React Native code and images */,
				75DF592A9C907FFA306B16A6 /* [CP] Embed Pods Frameworks */,
				2D11C6568B650E474380B021 /* [CP] Copy Pods Resources */,
			);
			buildRules = (
			);
			dependencies = (
			);
			name = DoGoodGetGood;
			productName = DoGoodGetGood;
			productReference = 13B07F961A680F5B00A75B9A /* DoGoodGetGood.app */;
			productType = "com.apple.product-type.application";
		};
		64CEDA5329AFB8D500D996F1 /* DoGoodGetGoodDev */ = {
			isa = PBXNativeTarget;
			buildConfigurationList = 64CEDA6829AFB8D500D996F1 /* Build configuration list for PBXNativeTarget "DoGoodGetGoodDev" */;
			buildPhases = (
				64CEDA5429AFB8D500D996F1 /* [CP] Check Pods Manifest.lock */,
				64CEDA5529AFB8D500D996F1 /* Start Packager */,
				64CEDA5629AFB8D500D996F1 /* Sources */,
				64CEDA5929AFB8D500D996F1 /* Frameworks */,
				64CEDA5B29AFB8D500D996F1 /* Resources */,
				64CEDA6329AFB8D500D996F1 /* Bundle React Native code and images */,
				64CEDA6429AFB8D500D996F1 /* [CP] Embed Pods Frameworks */,
				64CEDA6529AFB8D500D996F1 /* [CP] Copy Pods Resources */,
			);
			buildRules = (
			);
			dependencies = (
			);
			name = DoGoodGetGoodDev;
			productName = DoGoodGetGood;
			productReference = 64CEDA6B29AFB8D500D996F1 /* DoGoodGetGoodDev.app */;
			productType = "com.apple.product-type.application";
		};
/* End PBXNativeTarget section */

/* Begin PBXProject section */
		83CBB9F71A601CBA00E9B192 /* Project object */ = {
			isa = PBXProject;
			attributes = {
				BuildIndependentTargetsInParallel = YES;
				LastUpgradeCheck = 1430;
				TargetAttributes = {
					00E356ED1AD99517003FC87E = {
						CreatedOnToolsVersion = 6.2;
						TestTargetID = 13B07F861A680F5B00A75B9A;
					};
					13B07F861A680F5B00A75B9A = {
						LastSwiftMigration = 1120;
					};
				};
			};
			buildConfigurationList = 83CBB9FA1A601CBA00E9B192 /* Build configuration list for PBXProject "DoGoodGetGood" */;
			compatibilityVersion = "Xcode 15.0";
			developmentRegion = en;
			hasScannedForEncodings = 0;
			knownRegions = (
				en,
				Base,
			);
			mainGroup = 83CBB9F61A601CBA00E9B192;
			productRefGroup = 83CBBA001A601CBA00E9B192 /* Products */;
			projectDirPath = "";
			projectRoot = "";
			targets = (
				13B07F861A680F5B00A75B9A /* DoGoodGetGood */,
				64CEDA5329AFB8D500D996F1 /* DoGoodGetGoodDev */,
				00E356ED1AD99517003FC87E /* DoGoodGetGoodTests */,
			);
		};
/* End PBXProject section */

/* Begin PBXResourcesBuildPhase section */
		00E356EC1AD99517003FC87E /* Resources */ = {
			isa = PBXResourcesBuildPhase;
			buildActionMask = 2147483647;
			files = (
			);
			runOnlyForDeploymentPostprocessing = 0;
		};
		13B07F8E1A680F5B00A75B9A /* Resources */ = {
			isa = PBXResourcesBuildPhase;
			buildActionMask = 2147483647;
			files = (
				81AB9BB82411601600AC10FF /* LaunchScreen.storyboard in Resources */,
				13B07FBF1A68108700A75B9A /* Images.xcassets in Resources */,
				2512AE9A86A247598720C9F6 /* DIN-Bold.otf in Resources */,
				D8F8C511B2EC435698726593 /* DIN-Light.otf in Resources */,
				E8101F8DC55342D7A663B3C6 /* DIN-Regular.otf in Resources */,
				1D644CFFA32E4114A8B3F2E3 /* DIN-Medium.ttf in Resources */,
				C05E17F92BD009B80046F1E1 /* GoogleService-Info.plist in Resources */,
			);
			runOnlyForDeploymentPostprocessing = 0;
		};
		64CEDA5B29AFB8D500D996F1 /* Resources */ = {
			isa = PBXResourcesBuildPhase;
			buildActionMask = 2147483647;
			files = (
				64CEDA5C29AFB8D500D996F1 /* LaunchScreen.storyboard in Resources */,
				64CEDA5D29AFB8D500D996F1 /* Images.xcassets in Resources */,
				64CEDA5E29AFB8D500D996F1 /* DIN-Bold.otf in Resources */,
				64CEDA5F29AFB8D500D996F1 /* DIN-Light.otf in Resources */,
				64CEDA6029AFB8D500D996F1 /* DIN-Regular.otf in Resources */,
				64CEDA6129AFB8D500D996F1 /* DIN-Medium.ttf in Resources */,
				C05E17FB2BD009C90046F1E1 /* GoogleService-Info.plist in Resources */,
			);
			runOnlyForDeploymentPostprocessing = 0;
		};
/* End PBXResourcesBuildPhase section */

/* Begin PBXShellScriptBuildPhase section */
		00DD1BFF1BD5951E006B06BC /* Bundle React Native code and images */ = {
			isa = PBXShellScriptBuildPhase;
			buildActionMask = 2147483647;
			files = (
			);
			inputPaths = (
				"$(SRCROOT)/.xcode.env.local",
				"$(SRCROOT)/.xcode.env",
			);
			name = "Bundle React Native code and images";
			outputPaths = (
			);
			runOnlyForDeploymentPostprocessing = 0;
			shellPath = /bin/sh;
			shellScript = "set -e\n\nWITH_ENVIRONMENT=\"../node_modules/react-native/scripts/xcode/with-environment.sh\"\nREACT_NATIVE_XCODE=\"../node_modules/react-native/scripts/react-native-xcode.sh\"\n\n/bin/sh -c \"$WITH_ENVIRONMENT $REACT_NATIVE_XCODE\"\n";
		};
		2D11C6568B650E474380B021 /* [CP] Copy Pods Resources */ = {
			isa = PBXShellScriptBuildPhase;
			buildActionMask = 2147483647;
			files = (
			);
			inputFileListPaths = (
				"${PODS_ROOT}/Target Support Files/Pods-DoGoodGetGoodCommonPods-DoGoodGetGood/Pods-DoGoodGetGoodCommonPods-DoGoodGetGood-resources-${CONFIGURATION}-input-files.xcfilelist",
			);
			name = "[CP] Copy Pods Resources";
			outputFileListPaths = (
				"${PODS_ROOT}/Target Support Files/Pods-DoGoodGetGoodCommonPods-DoGoodGetGood/Pods-DoGoodGetGoodCommonPods-DoGoodGetGood-resources-${CONFIGURATION}-output-files.xcfilelist",
			);
			runOnlyForDeploymentPostprocessing = 0;
			shellPath = /bin/sh;
			shellScript = "\"${PODS_ROOT}/Target Support Files/Pods-DoGoodGetGoodCommonPods-DoGoodGetGood/Pods-DoGoodGetGoodCommonPods-DoGoodGetGood-resources.sh\"\n";
			showEnvVarsInLog = 0;
		};
		51BCD4BABE742517CC29CC28 /* [CP] Check Pods Manifest.lock */ = {
			isa = PBXShellScriptBuildPhase;
			buildActionMask = 2147483647;
			files = (
			);
			inputFileListPaths = (
			);
			inputPaths = (
				"${PODS_PODFILE_DIR_PATH}/Podfile.lock",
				"${PODS_ROOT}/Manifest.lock",
			);
			name = "[CP] Check Pods Manifest.lock";
			outputFileListPaths = (
			);
			outputPaths = (
				"$(DERIVED_FILE_DIR)/Pods-DoGoodGetGoodCommonPods-DoGoodGetGood-checkManifestLockResult.txt",
			);
			runOnlyForDeploymentPostprocessing = 0;
			shellPath = /bin/sh;
			shellScript = "diff \"${PODS_PODFILE_DIR_PATH}/Podfile.lock\" \"${PODS_ROOT}/Manifest.lock\" > /dev/null\nif [ $? != 0 ] ; then\n    # print error to STDERR\n    echo \"error: The sandbox is not in sync with the Podfile.lock. Run 'pod install' or update your CocoaPods installation.\" >&2\n    exit 1\nfi\n# This output is used by Xcode 'outputs' to avoid re-running this script phase.\necho \"SUCCESS\" > \"${SCRIPT_OUTPUT_FILE_0}\"\n";
			showEnvVarsInLog = 0;
		};
		64CEDA5429AFB8D500D996F1 /* [CP] Check Pods Manifest.lock */ = {
			isa = PBXShellScriptBuildPhase;
			buildActionMask = 2147483647;
			files = (
			);
			inputFileListPaths = (
			);
			inputPaths = (
				"${PODS_PODFILE_DIR_PATH}/Podfile.lock",
				"${PODS_ROOT}/Manifest.lock",
			);
			name = "[CP] Check Pods Manifest.lock";
			outputFileListPaths = (
			);
			outputPaths = (
				"$(DERIVED_FILE_DIR)/Pods-DoGoodGetGoodCommonPods-DoGoodGetGoodDev-checkManifestLockResult.txt",
			);
			runOnlyForDeploymentPostprocessing = 0;
			shellPath = /bin/sh;
			shellScript = "diff \"${PODS_PODFILE_DIR_PATH}/Podfile.lock\" \"${PODS_ROOT}/Manifest.lock\" > /dev/null\nif [ $? != 0 ] ; then\n    # print error to STDERR\n    echo \"error: The sandbox is not in sync with the Podfile.lock. Run 'pod install' or update your CocoaPods installation.\" >&2\n    exit 1\nfi\n# This output is used by Xcode 'outputs' to avoid re-running this script phase.\necho \"SUCCESS\" > \"${SCRIPT_OUTPUT_FILE_0}\"\n";
			showEnvVarsInLog = 0;
		};
		64CEDA5529AFB8D500D996F1 /* Start Packager */ = {
			isa = PBXShellScriptBuildPhase;
			buildActionMask = 2147483647;
			files = (
			);
			inputFileListPaths = (
			);
			inputPaths = (
			);
			name = "Start Packager";
			outputFileListPaths = (
			);
			outputPaths = (
			);
			runOnlyForDeploymentPostprocessing = 0;
			shellPath = /bin/sh;
			shellScript = "export RCT_METRO_PORT=\"${RCT_METRO_PORT:=8081}\"\necho \"export RCT_METRO_PORT=${RCT_METRO_PORT}\" > \"${SRCROOT}/../node_modules/react-native/scripts/.packager.env\"\nif [ -z \"${RCT_NO_LAUNCH_PACKAGER+xxx}\" ] ; then\n  if nc -w 5 -z localhost ${RCT_METRO_PORT} ; then\n    if ! curl -s \"http://localhost:${RCT_METRO_PORT}/status\" | grep -q \"packager-status:running\" ; then\n      echo \"Port ${RCT_METRO_PORT} already in use, packager is either not running or not running correctly\"\n      exit 2\n    fi\n  else\n    open \"$SRCROOT/../node_modules/react-native/scripts/launchPackager.command\" || echo \"Can't start packager automatically\"\n  fi\nfi\n";
			showEnvVarsInLog = 0;
		};
		64CEDA6329AFB8D500D996F1 /* Bundle React Native code and images */ = {
			isa = PBXShellScriptBuildPhase;
			buildActionMask = 2147483647;
			files = (
			);
			inputPaths = (
				"$(SRCROOT)/.xcode.env.local",
				"$(SRCROOT)/.xcode.env",
			);
			name = "Bundle React Native code and images";
			outputPaths = (
			);
			runOnlyForDeploymentPostprocessing = 0;
			shellPath = /bin/sh;
			shellScript = "set -e\n\nWITH_ENVIRONMENT=\"../node_modules/react-native/scripts/xcode/with-environment.sh\"\nREACT_NATIVE_XCODE=\"../node_modules/react-native/scripts/react-native-xcode.sh\"\n\n/bin/sh -c \"$WITH_ENVIRONMENT $REACT_NATIVE_XCODE\"\n";
		};
		64CEDA6429AFB8D500D996F1 /* [CP] Embed Pods Frameworks */ = {
			isa = PBXShellScriptBuildPhase;
			buildActionMask = 2147483647;
			files = (
			);
			inputFileListPaths = (
				"${PODS_ROOT}/Target Support Files/Pods-DoGoodGetGoodCommonPods-DoGoodGetGoodDev/Pods-DoGoodGetGoodCommonPods-DoGoodGetGoodDev-frameworks-${CONFIGURATION}-input-files.xcfilelist",
			);
			name = "[CP] Embed Pods Frameworks";
			outputFileListPaths = (
				"${PODS_ROOT}/Target Support Files/Pods-DoGoodGetGoodCommonPods-DoGoodGetGoodDev/Pods-DoGoodGetGoodCommonPods-DoGoodGetGoodDev-frameworks-${CONFIGURATION}-output-files.xcfilelist",
			);
			runOnlyForDeploymentPostprocessing = 0;
			shellPath = /bin/sh;
			shellScript = "\"${PODS_ROOT}/Target Support Files/Pods-DoGoodGetGoodCommonPods-DoGoodGetGoodDev/Pods-DoGoodGetGoodCommonPods-DoGoodGetGoodDev-frameworks.sh\"\n";
			showEnvVarsInLog = 0;
		};
		64CEDA6529AFB8D500D996F1 /* [CP] Copy Pods Resources */ = {
			isa = PBXShellScriptBuildPhase;
			buildActionMask = 2147483647;
			files = (
			);
			inputFileListPaths = (
				"${PODS_ROOT}/Target Support Files/Pods-DoGoodGetGoodCommonPods-DoGoodGetGoodDev/Pods-DoGoodGetGoodCommonPods-DoGoodGetGoodDev-resources-${CONFIGURATION}-input-files.xcfilelist",
			);
			name = "[CP] Copy Pods Resources";
			outputFileListPaths = (
				"${PODS_ROOT}/Target Support Files/Pods-DoGoodGetGoodCommonPods-DoGoodGetGoodDev/Pods-DoGoodGetGoodCommonPods-DoGoodGetGoodDev-resources-${CONFIGURATION}-output-files.xcfilelist",
			);
			runOnlyForDeploymentPostprocessing = 0;
			shellPath = /bin/sh;
			shellScript = "\"${PODS_ROOT}/Target Support Files/Pods-DoGoodGetGoodCommonPods-DoGoodGetGoodDev/Pods-DoGoodGetGoodCommonPods-DoGoodGetGoodDev-resources.sh\"\n";
			showEnvVarsInLog = 0;
		};
		75DF592A9C907FFA306B16A6 /* [CP] Embed Pods Frameworks */ = {
			isa = PBXShellScriptBuildPhase;
			buildActionMask = 2147483647;
			files = (
			);
			inputFileListPaths = (
				"${PODS_ROOT}/Target Support Files/Pods-DoGoodGetGoodCommonPods-DoGoodGetGood/Pods-DoGoodGetGoodCommonPods-DoGoodGetGood-frameworks-${CONFIGURATION}-input-files.xcfilelist",
			);
			name = "[CP] Embed Pods Frameworks";
			outputFileListPaths = (
				"${PODS_ROOT}/Target Support Files/Pods-DoGoodGetGoodCommonPods-DoGoodGetGood/Pods-DoGoodGetGoodCommonPods-DoGoodGetGood-frameworks-${CONFIGURATION}-output-files.xcfilelist",
			);
			runOnlyForDeploymentPostprocessing = 0;
			shellPath = /bin/sh;
			shellScript = "\"${PODS_ROOT}/Target Support Files/Pods-DoGoodGetGoodCommonPods-DoGoodGetGood/Pods-DoGoodGetGoodCommonPods-DoGoodGetGood-frameworks.sh\"\n";
			showEnvVarsInLog = 0;
		};
		A55EABD7B0C7F3A422A6CC61 /* [CP] Check Pods Manifest.lock */ = {
			isa = PBXShellScriptBuildPhase;
			buildActionMask = 2147483647;
			files = (
			);
			inputFileListPaths = (
			);
			inputPaths = (
				"${PODS_PODFILE_DIR_PATH}/Podfile.lock",
				"${PODS_ROOT}/Manifest.lock",
			);
			name = "[CP] Check Pods Manifest.lock";
			outputFileListPaths = (
			);
			outputPaths = (
				"$(DERIVED_FILE_DIR)/Pods-DoGoodGetGoodCommonPods-DoGoodGetGoodTests-checkManifestLockResult.txt",
			);
			runOnlyForDeploymentPostprocessing = 0;
			shellPath = /bin/sh;
			shellScript = "diff \"${PODS_PODFILE_DIR_PATH}/Podfile.lock\" \"${PODS_ROOT}/Manifest.lock\" > /dev/null\nif [ $? != 0 ] ; then\n    # print error to STDERR\n    echo \"error: The sandbox is not in sync with the Podfile.lock. Run 'pod install' or update your CocoaPods installation.\" >&2\n    exit 1\nfi\n# This output is used by Xcode 'outputs' to avoid re-running this script phase.\necho \"SUCCESS\" > \"${SCRIPT_OUTPUT_FILE_0}\"\n";
			showEnvVarsInLog = 0;
		};
		C59DA0FBD6956966B86A3779 /* [CP] Embed Pods Frameworks */ = {
			isa = PBXShellScriptBuildPhase;
			buildActionMask = 2147483647;
			files = (
			);
			inputFileListPaths = (
				"${PODS_ROOT}/Target Support Files/Pods-DoGoodGetGoodCommonPods-DoGoodGetGoodTests/Pods-DoGoodGetGoodCommonPods-DoGoodGetGoodTests-frameworks-${CONFIGURATION}-input-files.xcfilelist",
			);
			name = "[CP] Embed Pods Frameworks";
			outputFileListPaths = (
				"${PODS_ROOT}/Target Support Files/Pods-DoGoodGetGoodCommonPods-DoGoodGetGoodTests/Pods-DoGoodGetGoodCommonPods-DoGoodGetGoodTests-frameworks-${CONFIGURATION}-output-files.xcfilelist",
			);
			runOnlyForDeploymentPostprocessing = 0;
			shellPath = /bin/sh;
			shellScript = "\"${PODS_ROOT}/Target Support Files/Pods-DoGoodGetGoodCommonPods-DoGoodGetGoodTests/Pods-DoGoodGetGoodCommonPods-DoGoodGetGoodTests-frameworks.sh\"\n";
			showEnvVarsInLog = 0;
		};
		F6A41C54EA430FDDC6A6ED99 /* [CP] Copy Pods Resources */ = {
			isa = PBXShellScriptBuildPhase;
			buildActionMask = 2147483647;
			files = (
			);
			inputFileListPaths = (
				"${PODS_ROOT}/Target Support Files/Pods-DoGoodGetGoodCommonPods-DoGoodGetGoodTests/Pods-DoGoodGetGoodCommonPods-DoGoodGetGoodTests-resources-${CONFIGURATION}-input-files.xcfilelist",
			);
			name = "[CP] Copy Pods Resources";
			outputFileListPaths = (
				"${PODS_ROOT}/Target Support Files/Pods-DoGoodGetGoodCommonPods-DoGoodGetGoodTests/Pods-DoGoodGetGoodCommonPods-DoGoodGetGoodTests-resources-${CONFIGURATION}-output-files.xcfilelist",
			);
			runOnlyForDeploymentPostprocessing = 0;
			shellPath = /bin/sh;
			shellScript = "\"${PODS_ROOT}/Target Support Files/Pods-DoGoodGetGoodCommonPods-DoGoodGetGoodTests/Pods-DoGoodGetGoodCommonPods-DoGoodGetGoodTests-resources.sh\"\n";
			showEnvVarsInLog = 0;
		};
		FD10A7F022414F080027D42C /* Start Packager */ = {
			isa = PBXShellScriptBuildPhase;
			buildActionMask = 2147483647;
			files = (
			);
			inputFileListPaths = (
			);
			inputPaths = (
			);
			name = "Start Packager";
			outputFileListPaths = (
			);
			outputPaths = (
			);
			runOnlyForDeploymentPostprocessing = 0;
			shellPath = /bin/sh;
			shellScript = "export RCT_METRO_PORT=\"${RCT_METRO_PORT:=8081}\"\necho \"export RCT_METRO_PORT=${RCT_METRO_PORT}\" > \"${SRCROOT}/../node_modules/react-native/scripts/.packager.env\"\nif [ -z \"${RCT_NO_LAUNCH_PACKAGER+xxx}\" ] ; then\n  if nc -w 5 -z localhost ${RCT_METRO_PORT} ; then\n    if ! curl -s \"http://localhost:${RCT_METRO_PORT}/status\" | grep -q \"packager-status:running\" ; then\n      echo \"Port ${RCT_METRO_PORT} already in use, packager is either not running or not running correctly\"\n      exit 2\n    fi\n  else\n    open \"$SRCROOT/../node_modules/react-native/scripts/launchPackager.command\" || echo \"Can't start packager automatically\"\n  fi\nfi\n";
			showEnvVarsInLog = 0;
		};
/* End PBXShellScriptBuildPhase section */

/* Begin PBXSourcesBuildPhase section */
		00E356EA1AD99517003FC87E /* Sources */ = {
			isa = PBXSourcesBuildPhase;
			buildActionMask = 2147483647;
			files = (
				00E356F31AD99517003FC87E /* DoGoodGetGoodTests.m in Sources */,
			);
			runOnlyForDeploymentPostprocessing = 0;
		};
		13B07F871A680F5B00A75B9A /* Sources */ = {
			isa = PBXSourcesBuildPhase;
			buildActionMask = 2147483647;
			files = (
				13B07FBC1A68108700A75B9A /* AppDelegate.mm in Sources */,
				13B07FC11A68108700A75B9A /* main.m in Sources */,
			);
			runOnlyForDeploymentPostprocessing = 0;
		};
		64CEDA5629AFB8D500D996F1 /* Sources */ = {
			isa = PBXSourcesBuildPhase;
			buildActionMask = 2147483647;
			files = (
				64CEDA5729AFB8D500D996F1 /* AppDelegate.mm in Sources */,
				64CEDA5829AFB8D500D996F1 /* main.m in Sources */,
			);
			runOnlyForDeploymentPostprocessing = 0;
		};
/* End PBXSourcesBuildPhase section */

/* Begin PBXTargetDependency section */
		00E356F51AD99517003FC87E /* PBXTargetDependency */ = {
			isa = PBXTargetDependency;
			target = 13B07F861A680F5B00A75B9A /* DoGoodGetGood */;
			targetProxy = 00E356F41AD99517003FC87E /* PBXContainerItemProxy */;
		};
/* End PBXTargetDependency section */

/* Begin XCBuildConfiguration section */
		00E356F61AD99517003FC87E /* Debug */ = {
			isa = XCBuildConfiguration;
			baseConfigurationReference = 69CF90BE52EC466F0CF45100 /* Pods-DoGoodGetGoodCommonPods-DoGoodGetGoodTests.debug.xcconfig */;
			buildSettings = {
				ALWAYS_EMBED_SWIFT_STANDARD_LIBRARIES = YES;
				BUNDLE_LOADER = "$(TEST_HOST)";
				GCC_PREPROCESSOR_DEFINITIONS = (
					"DEBUG=1",
					"$(inherited)",
				);
				INFOPLIST_FILE = DoGoodGetGoodTests/Info.plist;
				IPHONEOS_DEPLOYMENT_TARGET = 17.2;
				LD_RUNPATH_SEARCH_PATHS = (
					"$(inherited)",
					"@executable_path/Frameworks",
					"@loader_path/Frameworks",
				);
				OTHER_LDFLAGS = (
					"-ObjC",
					"-lc++",
					"$(inherited)",
				);
				PRODUCT_BUNDLE_IDENTIFIER = "org.reactjs.native.example.$(PRODUCT_NAME:rfc1034identifier)";
				PRODUCT_NAME = "$(TARGET_NAME)";
				SUPPORTED_PLATFORMS = "iphoneos iphonesimulator";
				SUPPORTS_MACCATALYST = YES;
				TARGETED_DEVICE_FAMILY = "1,iPhone SE (3rd generation)";
				TEST_HOST = "$(BUILT_PRODUCTS_DIR)/DoGoodGetGood.app/DoGoodGetGood";
			};
			name = Debug;
		};
		00E356F71AD99517003FC87E /* Release */ = {
			isa = XCBuildConfiguration;
			baseConfigurationReference = ECF05F1E0B76ACF3D6C6CAFC /* Pods-DoGoodGetGoodCommonPods-DoGoodGetGoodTests.release.xcconfig */;
			buildSettings = {
				ALWAYS_EMBED_SWIFT_STANDARD_LIBRARIES = YES;
				BUNDLE_LOADER = "$(TEST_HOST)";
				COPY_PHASE_STRIP = NO;
				INFOPLIST_FILE = DoGoodGetGoodTests/Info.plist;
				IPHONEOS_DEPLOYMENT_TARGET = 17.2;
				LD_RUNPATH_SEARCH_PATHS = (
					"$(inherited)",
					"@executable_path/Frameworks",
					"@loader_path/Frameworks",
				);
				OTHER_LDFLAGS = (
					"-ObjC",
					"-lc++",
					"$(inherited)",
				);
				PRODUCT_BUNDLE_IDENTIFIER = "org.reactjs.native.example.$(PRODUCT_NAME:rfc1034identifier)";
				PRODUCT_NAME = "$(TARGET_NAME)";
				SUPPORTED_PLATFORMS = "iphoneos iphonesimulator";
				SUPPORTS_MACCATALYST = YES;
				TARGETED_DEVICE_FAMILY = "1,iPhone SE (3rd generation)";
				TEST_HOST = "$(BUILT_PRODUCTS_DIR)/DoGoodGetGood.app/DoGoodGetGood";
			};
			name = Release;
		};
		13B07F941A680F5B00A75B9A /* Debug */ = {
			isa = XCBuildConfiguration;
			baseConfigurationReference = F326B97D9F797D00EAC2F921 /* Pods-DoGoodGetGoodCommonPods-DoGoodGetGood.debug.xcconfig */;
			buildSettings = {
				APP_VERSION = 1.1.2;
				ASSETCATALOG_COMPILER_APPICON_NAME = AppIcon;
				CLANG_ENABLE_MODULES = YES;
				CODE_SIGN_IDENTITY = "Apple Development";
				CODE_SIGN_STYLE = Automatic;
				CURRENT_PROJECT_VERSION = 16;
				DEVELOPMENT_TEAM = KYM65YV587;
				ENABLE_BITCODE = NO;
				INFOPLIST_FILE = DoGoodGetGood/Info.plist;
				INFOPLIST_KEY_LSApplicationCategoryType = "public.app-category.business";
				IPHONEOS_DEPLOYMENT_TARGET = 17.2;
				LD_RUNPATH_SEARCH_PATHS = (
					"$(inherited)",
					"@executable_path/Frameworks",
				);
				MARKETING_VERSION = 1.1.3;
				OTHER_LDFLAGS = (
					"$(inherited)",
					"-ObjC",
					"-lc++",
				);
				PRODUCT_BUNDLE_IDENTIFIER = se.technogarden.dogoodgetgood;
				PRODUCT_NAME = DoGoodGetGood;
				PROVISIONING_PROFILE_SPECIFIER = "";
				RELEASE_NUMBER = 1.1.2;
				SUPPORTED_PLATFORMS = "iphoneos iphonesimulator";
				SUPPORTS_MACCATALYST = NO;
				SWIFT_OPTIMIZATION_LEVEL = "-Onone";
				SWIFT_VERSION = 5.0;
				TARGETED_DEVICE_FAMILY = 1;
				VERSIONING_SYSTEM = "apple-generic";
			};
			name = Debug;
		};
		13B07F951A680F5B00A75B9A /* Release */ = {
			isa = XCBuildConfiguration;
			baseConfigurationReference = 855D82545C8956BF2B98A181 /* Pods-DoGoodGetGoodCommonPods-DoGoodGetGood.release.xcconfig */;
			buildSettings = {
				APP_VERSION = 1.1.2;
				ASSETCATALOG_COMPILER_APPICON_NAME = AppIcon;
				CLANG_ENABLE_MODULES = YES;
				CODE_SIGN_IDENTITY = "Apple Development";
				CODE_SIGN_STYLE = Automatic;
				CURRENT_PROJECT_VERSION = 16;
				DEVELOPMENT_TEAM = KYM65YV587;
				INFOPLIST_FILE = DoGoodGetGood/Info.plist;
				INFOPLIST_KEY_LSApplicationCategoryType = "public.app-category.business";
				IPHONEOS_DEPLOYMENT_TARGET = 17.2;
				LD_RUNPATH_SEARCH_PATHS = (
					"$(inherited)",
					"@executable_path/Frameworks",
				);
				MARKETING_VERSION = 1.1.3;
				OTHER_LDFLAGS = (
					"$(inherited)",
					"-ObjC",
					"-lc++",
				);
				PRODUCT_BUNDLE_IDENTIFIER = se.technogarden.dogoodgetgood;
				PRODUCT_NAME = DoGoodGetGood;
				PROVISIONING_PROFILE_SPECIFIER = "";
				RELEASE_NUMBER = 1.1.2;
				SUPPORTED_PLATFORMS = "iphoneos iphonesimulator";
				SUPPORTS_MACCATALYST = NO;
				SWIFT_VERSION = 5.0;
				TARGETED_DEVICE_FAMILY = 1;
				VERSIONING_SYSTEM = "apple-generic";
			};
			name = Release;
		};
		64CEDA6929AFB8D500D996F1 /* Debug */ = {
			isa = XCBuildConfiguration;
			baseConfigurationReference = 97083EC57598069DE8C7ED2F /* Pods-DoGoodGetGoodCommonPods-DoGoodGetGoodDev.debug.xcconfig */;
			buildSettings = {
				ASSETCATALOG_COMPILER_APPICON_NAME = AppIcon;
				CLANG_ENABLE_MODULES = YES;
				CODE_SIGN_IDENTITY = "Apple Development";
				CODE_SIGN_STYLE = Automatic;
				CURRENT_PROJECT_VERSION = 1.1.1;
				DEVELOPMENT_TEAM = KYM65YV587;
				ENABLE_BITCODE = NO;
				INFOPLIST_FILE = DoGoodGetGoodDev/Info.plist;
				LD_RUNPATH_SEARCH_PATHS = (
					"$(inherited)",
					"@executable_path/Frameworks",
				);
				MARKETING_VERSION = 1.1.1;
				OTHER_LDFLAGS = (
					"$(inherited)",
					"-ObjC",
					"-lc++",
				);
				PRODUCT_BUNDLE_IDENTIFIER = se.technogarden.dogoodgetgood.dev;
				PRODUCT_NAME = "$(TARGET_NAME)";
				PROVISIONING_PROFILE_SPECIFIER = "";
				SWIFT_OPTIMIZATION_LEVEL = "-Onone";
				SWIFT_VERSION = 5.0;
				TARGETED_DEVICE_FAMILY = 1;
				VERSIONING_SYSTEM = "apple-generic";
			};
			name = Debug;
		};
		64CEDA6A29AFB8D500D996F1 /* Release */ = {
			isa = XCBuildConfiguration;
			baseConfigurationReference = CE560A69BB99D6218FB19ABC /* Pods-DoGoodGetGoodCommonPods-DoGoodGetGoodDev.release.xcconfig */;
			buildSettings = {
				ASSETCATALOG_COMPILER_APPICON_NAME = AppIcon;
				CLANG_ENABLE_MODULES = YES;
				CODE_SIGN_IDENTITY = "Apple Development";
				CODE_SIGN_STYLE = Automatic;
				CURRENT_PROJECT_VERSION = 1.1.1;
				DEVELOPMENT_TEAM = KYM65YV587;
				INFOPLIST_FILE = DoGoodGetGoodDev/Info.plist;
				LD_RUNPATH_SEARCH_PATHS = (
					"$(inherited)",
					"@executable_path/Frameworks",
				);
				MARKETING_VERSION = 1.1.1;
				OTHER_LDFLAGS = (
					"$(inherited)",
					"-ObjC",
					"-lc++",
				);
				PRODUCT_BUNDLE_IDENTIFIER = se.technogarden.dogoodgetgood.dev;
				PRODUCT_NAME = "$(TARGET_NAME)";
				PROVISIONING_PROFILE_SPECIFIER = "";
				SWIFT_VERSION = 5.0;
				TARGETED_DEVICE_FAMILY = 1;
				VERSIONING_SYSTEM = "apple-generic";
			};
			name = Release;
		};
		83CBBA201A601CBA00E9B192 /* Debug */ = {
			isa = XCBuildConfiguration;
			baseConfigurationReference = 64D239C829B0F43A00A948ED /* Config.xcconfig */;
			buildSettings = {
				ALWAYS_SEARCH_USER_PATHS = NO;
				CLANG_ANALYZER_LOCALIZABILITY_NONLOCALIZED = YES;
				CLANG_CXX_LANGUAGE_STANDARD = "c++20";
				CLANG_CXX_LIBRARY = "libc++";
				CLANG_ENABLE_MODULES = YES;
				CLANG_ENABLE_OBJC_ARC = YES;
				CLANG_WARN_BLOCK_CAPTURE_AUTORELEASING = YES;
				CLANG_WARN_BOOL_CONVERSION = YES;
				CLANG_WARN_COMMA = YES;
				CLANG_WARN_CONSTANT_CONVERSION = YES;
				CLANG_WARN_DEPRECATED_OBJC_IMPLEMENTATIONS = YES;
				CLANG_WARN_DIRECT_OBJC_ISA_USAGE = YES_ERROR;
				CLANG_WARN_EMPTY_BODY = YES;
				CLANG_WARN_ENUM_CONVERSION = YES;
				CLANG_WARN_INFINITE_RECURSION = YES;
				CLANG_WARN_INT_CONVERSION = YES;
				CLANG_WARN_NON_LITERAL_NULL_CONVERSION = YES;
				CLANG_WARN_OBJC_IMPLICIT_RETAIN_SELF = YES;
				CLANG_WARN_OBJC_LITERAL_CONVERSION = YES;
				CLANG_WARN_OBJC_ROOT_CLASS = YES_ERROR;
				CLANG_WARN_QUOTED_INCLUDE_IN_FRAMEWORK_HEADER = YES;
				CLANG_WARN_RANGE_LOOP_ANALYSIS = YES;
				CLANG_WARN_STRICT_PROTOTYPES = YES;
				CLANG_WARN_SUSPICIOUS_MOVE = YES;
				CLANG_WARN_UNREACHABLE_CODE = YES;
				CLANG_WARN__DUPLICATE_METHOD_MATCH = YES;
				"CODE_SIGN_IDENTITY[sdk=iphoneos*]" = "iPhone Developer";
				COPY_PHASE_STRIP = NO;
				ENABLE_STRICT_OBJC_MSGSEND = YES;
				ENABLE_TESTABILITY = YES;
				"EXCLUDED_ARCHS[sdk=iphonesimulator*]" = i386;
				GCC_C_LANGUAGE_STANDARD = gnu99;
				GCC_DYNAMIC_NO_PIC = NO;
				GCC_NO_COMMON_BLOCKS = YES;
				GCC_OPTIMIZATION_LEVEL = 0;
				GCC_PREPROCESSOR_DEFINITIONS = (
					"DEBUG=1",
					"$(inherited)",
					_LIBCPP_ENABLE_CXX17_REMOVED_UNARY_BINARY_FUNCTION,
				);
				GCC_SYMBOLS_PRIVATE_EXTERN = NO;
				GCC_WARN_64_TO_32_BIT_CONVERSION = YES;
				GCC_WARN_ABOUT_RETURN_TYPE = YES_ERROR;
				GCC_WARN_UNDECLARED_SELECTOR = YES;
				GCC_WARN_UNINITIALIZED_AUTOS = YES_AGGRESSIVE;
				GCC_WARN_UNUSED_FUNCTION = YES;
				GCC_WARN_UNUSED_VARIABLE = YES;
				HEADER_SEARCH_PATHS = (
					"$(inherited)",
					"${PODS_CONFIGURATION_BUILD_DIR}/ReactCommon-Samples/ReactCommon_Samples.framework/Headers",
					"${PODS_CONFIGURATION_BUILD_DIR}/ReactCommon/ReactCommon.framework/Headers/react/nativemodule/core",
					"${PODS_CONFIGURATION_BUILD_DIR}/ReactCommon-Samples/ReactCommon_Samples.framework/Headers/platform/ios",
					"${PODS_CONFIGURATION_BUILD_DIR}/React-NativeModulesApple/React_NativeModulesApple.framework/Headers",
					"${PODS_CONFIGURATION_BUILD_DIR}/React-graphics/React_graphics.framework/Headers/react/renderer/graphics/platform/ios",
					"${PODS_CONFIGURATION_BUILD_DIR}/ReactCommon/ReactCommon.framework/Headers",
					"${PODS_CONFIGURATION_BUILD_DIR}/React-Fabric/React_Fabric.framework/Headers/react/renderer/components/view/platform/cxx",
					"${PODS_CONFIGURATION_BUILD_DIR}/React-graphics/React_graphics.framework/Headers",
				);
				IPHONEOS_DEPLOYMENT_TARGET = 17.2;
				LD_RUNPATH_SEARCH_PATHS = (
					/usr/lib/swift,
					"$(inherited)",
				);
				LIBRARY_SEARCH_PATHS = (
					"\"$(SDKROOT)/usr/lib/swift\"",
					"\"$(TOOLCHAIN_DIR)/usr/lib/swift/$(PLATFORM_NAME)\"",
					"\"$(inherited)\"",
				);
				MTL_ENABLE_DEBUG_INFO = YES;
				ONLY_ACTIVE_ARCH = YES;
				OTHER_CFLAGS = "$(inherited)";
				OTHER_CPLUSPLUSFLAGS = (
					"$(OTHER_CFLAGS)",
					"-DFOLLY_NO_CONFIG",
					"-DFOLLY_MOBILE=1",
					"-DFOLLY_USE_LIBCPP=1",
				);
				OTHER_LDFLAGS = (
					"$(inherited)",
					"-Wl",
					"-ld_classic",
				);
				REACT_NATIVE_PATH = "${PODS_ROOT}/../../node_modules/react-native";
				SDKROOT = iphoneos;
				TARGETED_DEVICE_FAMILY = "iPhone SE (3rd generation)";
				USE_HERMES = true;
			};
			name = Debug;
		};
		83CBBA211A601CBA00E9B192 /* Release */ = {
			isa = XCBuildConfiguration;
			buildSettings = {
				ALWAYS_SEARCH_USER_PATHS = NO;
				CLANG_ANALYZER_LOCALIZABILITY_NONLOCALIZED = YES;
				CLANG_CXX_LANGUAGE_STANDARD = "c++20";
				CLANG_CXX_LIBRARY = "libc++";
				CLANG_ENABLE_MODULES = YES;
				CLANG_ENABLE_OBJC_ARC = YES;
				CLANG_WARN_BLOCK_CAPTURE_AUTORELEASING = YES;
				CLANG_WARN_BOOL_CONVERSION = YES;
				CLANG_WARN_COMMA = YES;
				CLANG_WARN_CONSTANT_CONVERSION = YES;
				CLANG_WARN_DEPRECATED_OBJC_IMPLEMENTATIONS = YES;
				CLANG_WARN_DIRECT_OBJC_ISA_USAGE = YES_ERROR;
				CLANG_WARN_EMPTY_BODY = YES;
				CLANG_WARN_ENUM_CONVERSION = YES;
				CLANG_WARN_INFINITE_RECURSION = YES;
				CLANG_WARN_INT_CONVERSION = YES;
				CLANG_WARN_NON_LITERAL_NULL_CONVERSION = YES;
				CLANG_WARN_OBJC_IMPLICIT_RETAIN_SELF = YES;
				CLANG_WARN_OBJC_LITERAL_CONVERSION = YES;
				CLANG_WARN_OBJC_ROOT_CLASS = YES_ERROR;
				CLANG_WARN_QUOTED_INCLUDE_IN_FRAMEWORK_HEADER = YES;
				CLANG_WARN_RANGE_LOOP_ANALYSIS = YES;
				CLANG_WARN_STRICT_PROTOTYPES = YES;
				CLANG_WARN_SUSPICIOUS_MOVE = YES;
				CLANG_WARN_UNREACHABLE_CODE = YES;
				CLANG_WARN__DUPLICATE_METHOD_MATCH = YES;
				"CODE_SIGN_IDENTITY[sdk=iphoneos*]" = "iPhone Developer";
				COPY_PHASE_STRIP = YES;
				ENABLE_NS_ASSERTIONS = NO;
				ENABLE_STRICT_OBJC_MSGSEND = YES;
				"EXCLUDED_ARCHS[sdk=iphonesimulator*]" = i386;
				GCC_C_LANGUAGE_STANDARD = gnu99;
				GCC_NO_COMMON_BLOCKS = YES;
				GCC_PREPROCESSOR_DEFINITIONS = (
					"$(inherited)",
					_LIBCPP_ENABLE_CXX17_REMOVED_UNARY_BINARY_FUNCTION,
				);
				GCC_WARN_64_TO_32_BIT_CONVERSION = YES;
				GCC_WARN_ABOUT_RETURN_TYPE = YES_ERROR;
				GCC_WARN_UNDECLARED_SELECTOR = YES;
				GCC_WARN_UNINITIALIZED_AUTOS = YES_AGGRESSIVE;
				GCC_WARN_UNUSED_FUNCTION = YES;
				GCC_WARN_UNUSED_VARIABLE = YES;
				HEADER_SEARCH_PATHS = (
					"$(inherited)",
					"${PODS_CONFIGURATION_BUILD_DIR}/ReactCommon-Samples/ReactCommon_Samples.framework/Headers",
					"${PODS_CONFIGURATION_BUILD_DIR}/ReactCommon/ReactCommon.framework/Headers/react/nativemodule/core",
					"${PODS_CONFIGURATION_BUILD_DIR}/ReactCommon-Samples/ReactCommon_Samples.framework/Headers/platform/ios",
					"${PODS_CONFIGURATION_BUILD_DIR}/React-NativeModulesApple/React_NativeModulesApple.framework/Headers",
					"${PODS_CONFIGURATION_BUILD_DIR}/React-graphics/React_graphics.framework/Headers/react/renderer/graphics/platform/ios",
					"${PODS_CONFIGURATION_BUILD_DIR}/ReactCommon/ReactCommon.framework/Headers",
					"${PODS_CONFIGURATION_BUILD_DIR}/React-Fabric/React_Fabric.framework/Headers/react/renderer/components/view/platform/cxx",
					"${PODS_CONFIGURATION_BUILD_DIR}/React-graphics/React_graphics.framework/Headers",
				);
				IPHONEOS_DEPLOYMENT_TARGET = 17.2;
				LD_RUNPATH_SEARCH_PATHS = (
					/usr/lib/swift,
					"$(inherited)",
				);
				LIBRARY_SEARCH_PATHS = (
					"\"$(SDKROOT)/usr/lib/swift\"",
					"\"$(TOOLCHAIN_DIR)/usr/lib/swift/$(PLATFORM_NAME)\"",
					"\"$(inherited)\"",
				);
				MTL_ENABLE_DEBUG_INFO = NO;
				OTHER_CFLAGS = "$(inherited)";
				OTHER_CPLUSPLUSFLAGS = (
					"$(OTHER_CFLAGS)",
					"-DFOLLY_NO_CONFIG",
					"-DFOLLY_MOBILE=1",
					"-DFOLLY_USE_LIBCPP=1",
				);
				OTHER_LDFLAGS = (
					"$(inherited)",
					"-Wl",
					"-ld_classic",
				);
				REACT_NATIVE_PATH = "${PODS_ROOT}/../../node_modules/react-native";
				SDKROOT = iphoneos;
				TARGETED_DEVICE_FAMILY = "iPhone SE (3rd generation)";
				USE_HERMES = true;
				VALIDATE_PRODUCT = YES;
			};
			name = Release;
		};
/* End XCBuildConfiguration section */

/* Begin XCConfigurationList section */
		00E357021AD99517003FC87E /* Build configuration list for PBXNativeTarget "DoGoodGetGoodTests" */ = {
			isa = XCConfigurationList;
			buildConfigurations = (
				00E356F61AD99517003FC87E /* Debug */,
				00E356F71AD99517003FC87E /* Release */,
			);
			defaultConfigurationIsVisible = 0;
			defaultConfigurationName = Release;
		};
		13B07F931A680F5B00A75B9A /* Build configuration list for PBXNativeTarget "DoGoodGetGood" */ = {
			isa = XCConfigurationList;
			buildConfigurations = (
				13B07F941A680F5B00A75B9A /* Debug */,
				13B07F951A680F5B00A75B9A /* Release */,
			);
			defaultConfigurationIsVisible = 0;
			defaultConfigurationName = Release;
		};
		64CEDA6829AFB8D500D996F1 /* Build configuration list for PBXNativeTarget "DoGoodGetGoodDev" */ = {
			isa = XCConfigurationList;
			buildConfigurations = (
				64CEDA6929AFB8D500D996F1 /* Debug */,
				64CEDA6A29AFB8D500D996F1 /* Release */,
			);
			defaultConfigurationIsVisible = 0;
			defaultConfigurationName = Release;
		};
		83CBB9FA1A601CBA00E9B192 /* Build configuration list for PBXProject "DoGoodGetGood" */ = {
			isa = XCConfigurationList;
			buildConfigurations = (
				83CBBA201A601CBA00E9B192 /* Debug */,
				83CBBA211A601CBA00E9B192 /* Release */,
			);
			defaultConfigurationIsVisible = 0;
			defaultConfigurationName = Release;
		};
/* End XCConfigurationList section */
	};
	rootObject = 83CBB9F71A601CBA00E9B192 /* Project object */;
}
